
Microsoft Visual Studio Solution File, Format Version 12.00
# Visual Studio 15
VisualStudioVersion = 15.0.28010.2016
MinimumVisualStudioVersion = 10.0.40219.1
Project("{9A19103F-16F7-4668-BE54-9A1E7A4F7556}") = "TensorFlowCifarModelScoring", "TensorFlowCifarModel\TensorFlowCifarModelScoring.csproj", "{DE0A7871-6765-4A15-8809-D5FC4E5417E4}"
EndProject
Project("{FAE04EC0-301F-11D3-BF4B-00C04F79EFBC}") = "TensorFlowSharpInceptionv3Scoring", "TensorFlowSharpInceptionv3Scoring\TensorFlowSharpInceptionv3Scoring.csproj", "{205D1B99-5414-4842-BE36-240B39E34022}"
EndProject
Global
	GlobalSection(SolutionConfigurationPlatforms) = preSolution
		Debug|Any CPU = Debug|Any CPU
		Release|Any CPU = Release|Any CPU
	EndGlobalSection
	GlobalSection(ProjectConfigurationPlatforms) = postSolution
		{DE0A7871-6765-4A15-8809-D5FC4E5417E4}.Debug|Any CPU.ActiveCfg = Debug|Any CPU
		{DE0A7871-6765-4A15-8809-D5FC4E5417E4}.Debug|Any CPU.Build.0 = Debug|Any CPU
		{DE0A7871-6765-4A15-8809-D5FC4E5417E4}.Release|Any CPU.ActiveCfg = Release|Any CPU
		{DE0A7871-6765-4A15-8809-D5FC4E5417E4}.Release|Any CPU.Build.0 = Release|Any CPU
		{205D1B99-5414-4842-BE36-240B39E34022}.Debug|Any CPU.ActiveCfg = Debug|Any CPU
		{205D1B99-5414-4842-BE36-240B39E34022}.Debug|Any CPU.Build.0 = Debug|Any CPU
		{205D1B99-5414-4842-BE36-240B39E34022}.Release|Any CPU.ActiveCfg = Release|Any CPU
		{205D1B99-5414-4842-BE36-240B39E34022}.Release|Any CPU.Build.0 = Release|Any CPU
	EndGlobalSection
	GlobalSection(SolutionProperties) = preSolution
		HideSolutionNode = FALSE
	EndGlobalSection
	GlobalSection(ExtensibilityGlobals) = postSolution
		SolutionGuid = {EC1734D9-5DBE-4DC4-8A24-636D4A3A8D13}
	EndGlobalSection
EndGlobal
